
Microsoft Visual Studio Solution File, Format Version 12.00
# Visual Studio 15
Project("{FAE04EC0-301F-11D3-BF4B-00C04F79EFBC}") = "demofoss", "demofoss.csproj", "{46C18610-A162-4ABE-B660-F2343C3FFA7E}"
EndProject
Global
	GlobalSection(SolutionConfigurationPlatforms) = preSolution
		Debug|Any CPU = Debug|Any CPU
		Release|Any CPU = Release|Any CPU
	EndGlobalSection
	GlobalSection(ProjectConfigurationPlatforms) = postSolution
		{46C18610-A162-4ABE-B660-F2343C3FFA7E}.Debug|Any CPU.ActiveCfg = Debug|Any CPU
		{46C18610-A162-4ABE-B660-F2343C3FFA7E}.Debug|Any CPU.Build.0 = Debug|Any CPU
		{46C18610-A162-4ABE-B660-F2343C3FFA7E}.Release|Any CPU.ActiveCfg = Release|Any CPU
		{46C18610-A162-4ABE-B660-F2343C3FFA7E}.Release|Any CPU.Build.0 = Release|Any CPU
	EndGlobalSection
EndGlobal
